// !$*UTF8*$!
{
	archiveVersion = 1;
	classes = {
	};
	objectVersion = 46;
	objects = {

/* Begin PBXBuildFile section */
		D8AA2F291DC3330300952EDF /* AppDelegate.swift in Sources */ = {isa = PBXBuildFile; fileRef = D8AA2F281DC3330300952EDF /* AppDelegate.swift */; };
		D8AA2F2B1DC3330300952EDF /* ViewController.swift in Sources */ = {isa = PBXBuildFile; fileRef = D8AA2F2A1DC3330300952EDF /* ViewController.swift */; };
		D8AA2F2E1DC3330300952EDF /* Main.storyboard in Resources */ = {isa = PBXBuildFile; fileRef = D8AA2F2C1DC3330300952EDF /* Main.storyboard */; };
		D8AA2F301DC3330300952EDF /* Assets.xcassets in Resources */ = {isa = PBXBuildFile; fileRef = D8AA2F2F1DC3330300952EDF /* Assets.xcassets */; };
		D8AA2F331DC3330300952EDF /* LaunchScreen.storyboard in Resources */ = {isa = PBXBuildFile; fileRef = D8AA2F311DC3330300952EDF /* LaunchScreen.storyboard */; };
		D8AA2F3C1DC3375E00952EDF /* GraphQLicious.framework in Frameworks */ = {isa = PBXBuildFile; fileRef = D8AA2F3B1DC3375E00952EDF /* GraphQLicious.framework */; };
/* End PBXBuildFile section */

/* Begin PBXFileReference section */
		D8AA2F251DC3330300952EDF /* Sample.app */ = {isa = PBXFileReference; explicitFileType = wrapper.application; includeInIndex = 0; path = Sample.app; sourceTree = BUILT_PRODUCTS_DIR; };
		D8AA2F281DC3330300952EDF /* AppDelegate.swift */ = {isa = PBXFileReference; lastKnownFileType = sourcecode.swift; path = AppDelegate.swift; sourceTree = "<group>"; };
		D8AA2F2A1DC3330300952EDF /* ViewController.swift */ = {isa = PBXFileReference; lastKnownFileType = sourcecode.swift; path = ViewController.swift; sourceTree = "<group>"; };
		D8AA2F2D1DC3330300952EDF /* Base */ = {isa = PBXFileReference; lastKnownFileType = file.storyboard; name = Base; path = Base.lproj/Main.storyboard; sourceTree = "<group>"; };
		D8AA2F2F1DC3330300952EDF /* Assets.xcassets */ = {isa = PBXFileReference; lastKnownFileType = folder.assetcatalog; path = Assets.xcassets; sourceTree = "<group>"; };
		D8AA2F321DC3330300952EDF /* Base */ = {isa = PBXFileReference; lastKnownFileType = file.storyboard; name = Base; path = Base.lproj/LaunchScreen.storyboard; sourceTree = "<group>"; };
		D8AA2F341DC3330300952EDF /* Info.plist */ = {isa = PBXFileReference; lastKnownFileType = text.plist.xml; path = Info.plist; sourceTree = "<group>"; };
		D8AA2F3B1DC3375E00952EDF /* GraphQLicious.framework */ = {isa = PBXFileReference; lastKnownFileType = wrapper.framework; name = GraphQLicious.framework; path = Carthage/Build/iOS/GraphQLicious.framework; sourceTree = "<group>"; };
/* End PBXFileReference section */

/* Begin PBXFrameworksBuildPhase section */
		D8AA2F221DC3330300952EDF /* Frameworks */ = {
			isa = PBXFrameworksBuildPhase;
			buildActionMask = 2147483647;
			files = (
				D8AA2F3C1DC3375E00952EDF /* GraphQLicious.framework in Frameworks */,
			);
			runOnlyForDeploymentPostprocessing = 0;
		};
/* End PBXFrameworksBuildPhase section */

/* Begin PBXGroup section */
		D8AA2F1C1DC3330200952EDF = {
			isa = PBXGroup;
			children = (
				D8AA2F271DC3330300952EDF /* Sample */,
				D8AA2F261DC3330300952EDF /* Products */,
				D8AA2F3A1DC3375E00952EDF /* Frameworks */,
			);
			sourceTree = "<group>";
		};
		D8AA2F261DC3330300952EDF /* Products */ = {
			isa = PBXGroup;
			children = (
				D8AA2F251DC3330300952EDF /* Sample.app */,
			);
			name = Products;
			sourceTree = "<group>";
		};
		D8AA2F271DC3330300952EDF /* Sample */ = {
			isa = PBXGroup;
			children = (
				D8AA2F281DC3330300952EDF /* AppDelegate.swift */,
				D8AA2F2A1DC3330300952EDF /* ViewController.swift */,
				D8AA2F2C1DC3330300952EDF /* Main.storyboard */,
				D8AA2F2F1DC3330300952EDF /* Assets.xcassets */,
				D8AA2F311DC3330300952EDF /* LaunchScreen.storyboard */,
				D8AA2F341DC3330300952EDF /* Info.plist */,
			);
			path = Sample;
			sourceTree = "<group>";
		};
		D8AA2F3A1DC3375E00952EDF /* Frameworks */ = {
			isa = PBXGroup;
			children = (
				D8AA2F3B1DC3375E00952EDF /* GraphQLicious.framework */,
			);
			name = Frameworks;
			sourceTree = "<group>";
		};
/* End PBXGroup section */

/* Begin PBXNativeTarget section */
		D8AA2F241DC3330300952EDF /* Sample */ = {
			isa = PBXNativeTarget;
			buildConfigurationList = D8AA2F371DC3330300952EDF /* Build configuration list for PBXNativeTarget "Sample" */;
			buildPhases = (
				D8AA2F211DC3330300952EDF /* Sources */,
				D8AA2F221DC3330300952EDF /* Frameworks */,
				D8AA2F231DC3330300952EDF /* Resources */,
				D8AA2F3D1DC337A500952EDF /* ShellScript */,
			);
			buildRules = (
			);
			dependencies = (
			);
			name = Sample;
			productName = Sample;
			productReference = D8AA2F251DC3330300952EDF /* Sample.app */;
			productType = "com.apple.product-type.application";
		};
/* End PBXNativeTarget section */

/* Begin PBXProject section */
		D8AA2F1D1DC3330200952EDF /* Project object */ = {
			isa = PBXProject;
			attributes = {
				LastSwiftUpdateCheck = 0800;
				LastUpgradeCheck = 0800;
				ORGANIZATIONNAME = WeltN24;
				TargetAttributes = {
					D8AA2F241DC3330300952EDF = {
						CreatedOnToolsVersion = 8.0;
						DevelopmentTeam = RCG3W6R39Q;
						ProvisioningStyle = Automatic;
					};
				};
			};
			buildConfigurationList = D8AA2F201DC3330200952EDF /* Build configuration list for PBXProject "Sample" */;
			compatibilityVersion = "Xcode 3.2";
			developmentRegion = English;
			hasScannedForEncodings = 0;
			knownRegions = (
				en,
				Base,
			);
			mainGroup = D8AA2F1C1DC3330200952EDF;
			productRefGroup = D8AA2F261DC3330300952EDF /* Products */;
			projectDirPath = "";
			projectRoot = "";
			targets = (
				D8AA2F241DC3330300952EDF /* Sample */,
			);
		};
/* End PBXProject section */

/* Begin PBXResourcesBuildPhase section */
		D8AA2F231DC3330300952EDF /* Resources */ = {
			isa = PBXResourcesBuildPhase;
			buildActionMask = 2147483647;
			files = (
				D8AA2F331DC3330300952EDF /* LaunchScreen.storyboard in Resources */,
				D8AA2F301DC3330300952EDF /* Assets.xcassets in Resources */,
				D8AA2F2E1DC3330300952EDF /* Main.storyboard in Resources */,
			);
			runOnlyForDeploymentPostprocessing = 0;
		};
/* End PBXResourcesBuildPhase section */

/* Begin PBXShellScriptBuildPhase section */
		D8AA2F3D1DC337A500952EDF /* ShellScript */ = {
			isa = PBXShellScriptBuildPhase;
			buildActionMask = 2147483647;
			files = (
			);
			inputPaths = (
				"$(SRCROOT)/Carthage/Build/iOS/GraphQLicious.framework",
			);
			outputPaths = (
			);
			runOnlyForDeploymentPostprocessing = 0;
			shellPath = /bin/sh;
			shellScript = "/usr/local/bin/carthage copy-frameworks\n";
		};
/* End PBXShellScriptBuildPhase section */

/* Begin PBXSourcesBuildPhase section */
		D8AA2F211DC3330300952EDF /* Sources */ = {
			isa = PBXSourcesBuildPhase;
			buildActionMask = 2147483647;
			files = (
				D8AA2F2B1DC3330300952EDF /* ViewController.swift in Sources */,
				D8AA2F291DC3330300952EDF /* AppDelegate.swift in Sources */,
			);
			runOnlyForDeploymentPostprocessing = 0;
		};
/* End PBXSourcesBuildPhase section */

/* Begin PBXVariantGroup section */
		D8AA2F2C1DC3330300952EDF /* Main.storyboard */ = {
			isa = PBXVariantGroup;
			children = (
				D8AA2F2D1DC3330300952EDF /* Base */,
			);
			name = Main.storyboard;
			sourceTree = "<group>";
		};
		D8AA2F311DC3330300952EDF /* LaunchScreen.storyboard */ = {
			isa = PBXVariantGroup;
			children = (
				D8AA2F321DC3330300952EDF /* Base */,
			);
			name = LaunchScreen.storyboard;
			sourceTree = "<group>";
		};
/* End PBXVariantGroup section */

/* Begin XCBuildConfiguration section */
		D8AA2F351DC3330300952EDF /* Debug */ = {
			isa = XCBuildConfiguration;
			buildSettings = {
				ALWAYS_SEARCH_USER_PATHS = NO;
				CLANG_ANALYZER_NONNULL = YES;
				CLANG_CXX_LANGUAGE_STANDARD = "gnu++0x";
				CLANG_CXX_LIBRARY = "libc++";
				CLANG_ENABLE_MODULES = YES;
				CLANG_ENABLE_OBJC_ARC = YES;
				CLANG_WARN_BOOL_CONVERSION = YES;
				CLANG_WARN_CONSTANT_CONVERSION = YES;
				CLANG_WARN_DIRECT_OBJC_ISA_USAGE = YES_ERROR;
				CLANG_WARN_DOCUMENTATION_COMMENTS = YES;
				CLANG_WARN_EMPTY_BODY = YES;
				CLANG_WARN_ENUM_CONVERSION = YES;
				CLANG_WARN_INFINITE_RECURSION = YES;
				CLANG_WARN_INT_CONVERSION = YES;
				CLANG_WARN_OBJC_ROOT_CLASS = YES_ERROR;
				CLANG_WARN_SUSPICIOUS_MOVES = YES;
				CLANG_WARN_UNREACHABLE_CODE = YES;
				CLANG_WARN__DUPLICATE_METHOD_MATCH = YES;
				"CODE_SIGN_IDENTITY[sdk=iphoneos*]" = "iPhone Developer";
				COPY_PHASE_STRIP = NO;
				DEBUG_INFORMATION_FORMAT = dwarf;
				ENABLE_STRICT_OBJC_MSGSEND = YES;
				ENABLE_TESTABILITY = YES;
				GCC_C_LANGUAGE_STANDARD = gnu99;
				GCC_DYNAMIC_NO_PIC = NO;
				GCC_NO_COMMON_BLOCKS = YES;
				GCC_OPTIMIZATION_LEVEL = 0;
				GCC_PREPROCESSOR_DEFINITIONS = (
					"DEBUG=1",
					"$(inherited)",
				);
				GCC_WARN_64_TO_32_BIT_CONVERSION = YES;
				GCC_WARN_ABOUT_RETURN_TYPE = YES_ERROR;
				GCC_WARN_UNDECLARED_SELECTOR = YES;
				GCC_WARN_UNINITIALIZED_AUTOS = YES_AGGRESSIVE;
				GCC_WARN_UNUSED_FUNCTION = YES;
				GCC_WARN_UNUSED_VARIABLE = YES;
				IPHONEOS_DEPLOYMENT_TARGET = 10.0;
				MTL_ENABLE_DEBUG_INFO = YES;
				ONLY_ACTIVE_ARCH = YES;
				SDKROOT = iphoneos;
				SWIFT_ACTIVE_COMPILATION_CONDITIONS = DEBUG;
				SWIFT_OPTIMIZATION_LEVEL = "-Onone";
			};
			name = Debug;
		};
		D8AA2F361DC3330300952EDF /* Release */ = {
			isa = XCBuildConfiguration;
			buildSettings = {
				ALWAYS_SEARCH_USER_PATHS = NO;
				CLANG_ANALYZER_NONNULL = YES;
				CLANG_CXX_LANGUAGE_STANDARD = "gnu++0x";
				CLANG_CXX_LIBRARY = "libc++";
				CLANG_ENABLE_MODULES = YES;
				CLANG_ENABLE_OBJC_ARC = YES;
				CLANG_WARN_BOOL_CONVERSION = YES;
				CLANG_WARN_CONSTANT_CONVERSION = YES;
				CLANG_WARN_DIRECT_OBJC_ISA_USAGE = YES_ERROR;
				CLANG_WARN_DOCUMENTATION_COMMENTS = YES;
				CLANG_WARN_EMPTY_BODY = YES;
				CLANG_WARN_ENUM_CONVERSION = YES;
				CLANG_WARN_INFINITE_RECURSION = YES;
				CLANG_WARN_INT_CONVERSION = YES;
				CLANG_WARN_OBJC_ROOT_CLASS = YES_ERROR;
				CLANG_WARN_SUSPICIOUS_MOVES = YES;
				CLANG_WARN_UNREACHABLE_CODE = YES;
				CLANG_WARN__DUPLICATE_METHOD_MATCH = YES;
				"CODE_SIGN_IDENTITY[sdk=iphoneos*]" = "iPhone Developer";
				COPY_PHASE_STRIP = NO;
				DEBUG_INFORMATION_FORMAT = "dwarf-with-dsym";
				ENABLE_NS_ASSERTIONS = NO;
				ENABLE_STRICT_OBJC_MSGSEND = YES;
				GCC_C_LANGUAGE_STANDARD = gnu99;
				GCC_NO_COMMON_BLOCKS = YES;
				GCC_WARN_64_TO_32_BIT_CONVERSION = YES;
				GCC_WARN_ABOUT_RETURN_TYPE = YES_ERROR;
				GCC_WARN_UNDECLARED_SELECTOR = YES;
				GCC_WARN_UNINITIALIZED_AUTOS = YES_AGGRESSIVE;
				GCC_WARN_UNUSED_FUNCTION = YES;
				GCC_WARN_UNUSED_VARIABLE = YES;
				IPHONEOS_DEPLOYMENT_TARGET = 10.0;
				MTL_ENABLE_DEBUG_INFO = NO;
				SDKROOT = iphoneos;
				SWIFT_OPTIMIZATION_LEVEL = "-Owholemodule";
				VALIDATE_PRODUCT = YES;
			};
			name = Release;
		};
		D8AA2F381DC3330300952EDF /* Debug */ = {
			isa = XCBuildConfiguration;
			buildSettings = {
				ASSETCATALOG_COMPILER_APPICON_NAME = AppIcon;
				DEVELOPMENT_TEAM = RCG3W6R39Q;
				FRAMEWORK_SEARCH_PATHS = (
					"$(inherited)",
					"$(PROJECT_DIR)/Carthage/Build/iOS",
				);
				INFOPLIST_FILE = Sample/Info.plist;
				LD_RUNPATH_SEARCH_PATHS = "$(inherited) @executable_path/Frameworks";
				PRODUCT_BUNDLE_IDENTIFIER = de.weltn24.Sample;
				PRODUCT_NAME = "$(TARGET_NAME)";
				SWIFT_VERSION = 3.0;
			};
			name = Debug;
		};
		D8AA2F391DC3330300952EDF /* Release */ = {
			isa = XCBuildConfiguration;
			buildSettings = {
				ASSETCATALOG_COMPILER_APPICON_NAME = AppIcon;
				DEVELOPMENT_TEAM = RCG3W6R39Q;
				FRAMEWORK_SEARCH_PATHS = (
					"$(inherited)",
					"$(PROJECT_DIR)/Carthage/Build/iOS",
				);
				INFOPLIST_FILE = Sample/Info.plist;
				LD_RUNPATH_SEARCH_PATHS = "$(inherited) @executable_path/Frameworks";
				PRODUCT_BUNDLE_IDENTIFIER = de.weltn24.Sample;
				PRODUCT_NAME = "$(TARGET_NAME)";
				SWIFT_VERSION = 3.0;
			};
			name = Release;
		};
/* End XCBuildConfiguration section */

/* Begin XCConfigurationList section */
		D8AA2F201DC3330200952EDF /* Build configuration list for PBXProject "Sample" */ = {
			isa = XCConfigurationList;
			buildConfigurations = (
				D8AA2F351DC3330300952EDF /* Debug */,
				D8AA2F361DC3330300952EDF /* Release */,
			);
			defaultConfigurationIsVisible = 0;
			defaultConfigurationName = Release;
		};
		D8AA2F371DC3330300952EDF /* Build configuration list for PBXNativeTarget "Sample" */ = {
			isa = XCConfigurationList;
			buildConfigurations = (
				D8AA2F381DC3330300952EDF /* Debug */,
				D8AA2F391DC3330300952EDF /* Release */,
			);
			defaultConfigurationIsVisible = 0;
		};
/* End XCConfigurationList section */
	};
	rootObject = D8AA2F1D1DC3330200952EDF /* Project object */;
}
