// !$*UTF8*$!
{
	archiveVersion = 1;
	classes = {
	};
	objectVersion = 46;
	objects = {

/* Begin PBXBuildFile section */
		AD9359FC1D756BD800F9271C /* ObjectValue.swift in Sources */ = {isa = PBXBuildFile; fileRef = AD9359FB1D756BD800F9271C /* ObjectValue.swift */; };
		D821004B1CF88D6B00EDE6DC /* MutationTests.swift in Sources */ = {isa = PBXBuildFile; fileRef = D82100491CF88CC700EDE6DC /* MutationTests.swift */; };
		D82417671CF5F404002F7B91 /* QueryType.swift in Sources */ = {isa = PBXBuildFile; fileRef = D82417661CF5F404002F7B91 /* QueryType.swift */; };
		D82417691CF6F256002F7B91 /* Request.swift in Sources */ = {isa = PBXBuildFile; fileRef = D82417681CF6F256002F7B91 /* Request.swift */; };
		D824176F1CF6F9A0002F7B91 /* Operation.swift in Sources */ = {isa = PBXBuildFile; fileRef = D824176E1CF6F9A0002F7B91 /* Operation.swift */; };
		D843F2291CBD1FFC00F73BF2 /* GraphQLicious.framework in Frameworks */ = {isa = PBXBuildFile; fileRef = D86C60491CAC20AE002691B9 /* GraphQLicious.framework */; };
		D843F22A1CBD1FFC00F73BF2 /* GraphQLicious.framework in Embed Frameworks */ = {isa = PBXBuildFile; fileRef = D86C60491CAC20AE002691B9 /* GraphQLicious.framework */; settings = {ATTRIBUTES = (CodeSignOnCopy, RemoveHeadersOnCopy, ); }; };
		D843F22E1CBD20A400F73BF2 /* ViewController.swift in Sources */ = {isa = PBXBuildFile; fileRef = D86C606B1CAC20DA002691B9 /* ViewController.swift */; };
		D843F22F1CBD20AB00F73BF2 /* AppDelegate.swift in Sources */ = {isa = PBXBuildFile; fileRef = D86C60691CAC20DA002691B9 /* AppDelegate.swift */; };
		D8681D321CB661240090627B /* String.swift in Sources */ = {isa = PBXBuildFile; fileRef = D8681D311CB661240090627B /* String.swift */; };
		D8681D411CB69FFE0090627B /* ArgumentValue.swift in Sources */ = {isa = PBXBuildFile; fileRef = D8681D401CB69FFE0090627B /* ArgumentValue.swift */; };
		D8681D431CB6A4F70090627B /* GraphQLConvertible.swift in Sources */ = {isa = PBXBuildFile; fileRef = D8681D421CB6A4F70090627B /* GraphQLConvertible.swift */; };
		D8681D451CB6B02F0090627B /* FragmentTests.swift in Sources */ = {isa = PBXBuildFile; fileRef = D8681D441CB6B02F0090627B /* FragmentTests.swift */; };
		D86C604D1CAC20AE002691B9 /* GraphQLicious.h in Headers */ = {isa = PBXBuildFile; fileRef = D86C604C1CAC20AE002691B9 /* GraphQLicious.h */; settings = {ATTRIBUTES = (Public, ); }; };
		D86C60541CAC20AE002691B9 /* GraphQLicious.framework in Frameworks */ = {isa = PBXBuildFile; fileRef = D86C60491CAC20AE002691B9 /* GraphQLicious.framework */; };
		D86C60591CAC20AE002691B9 /* ArgumentTests.swift in Sources */ = {isa = PBXBuildFile; fileRef = D86C60581CAC20AE002691B9 /* ArgumentTests.swift */; };
		D86C606F1CAC20DA002691B9 /* Main.storyboard in Resources */ = {isa = PBXBuildFile; fileRef = D86C606D1CAC20DA002691B9 /* Main.storyboard */; };
		D86C60711CAC20DA002691B9 /* Assets.xcassets in Resources */ = {isa = PBXBuildFile; fileRef = D86C60701CAC20DA002691B9 /* Assets.xcassets */; };
		D86C60741CAC20DA002691B9 /* LaunchScreen.storyboard in Resources */ = {isa = PBXBuildFile; fileRef = D86C60721CAC20DA002691B9 /* LaunchScreen.storyboard */; };
		D8713B461CAE67C3000AD793 /* QueryTests.swift in Sources */ = {isa = PBXBuildFile; fileRef = D8713B451CAE67C3000AD793 /* QueryTests.swift */; };
		D8E18A721D279D3000AC29DF /* Field.swift in Sources */ = {isa = PBXBuildFile; fileRef = D8E18A711D279D3000AC29DF /* Field.swift */; };
		D8E18A741D279D8C00AC29DF /* Query.swift in Sources */ = {isa = PBXBuildFile; fileRef = D8E18A731D279D8C00AC29DF /* Query.swift */; };
		D8E18A781D279DB900AC29DF /* Argument.swift in Sources */ = {isa = PBXBuildFile; fileRef = D8E18A771D279DB900AC29DF /* Argument.swift */; };
		D8E18A801D279E0300AC29DF /* Mutation.swift in Sources */ = {isa = PBXBuildFile; fileRef = D8E18A7F1D279E0300AC29DF /* Mutation.swift */; };
		D8E18A841D279F0F00AC29DF /* Fragment.swift in Sources */ = {isa = PBXBuildFile; fileRef = D8E18A831D279F0F00AC29DF /* Fragment.swift */; };
/* End PBXBuildFile section */

/* Begin PBXContainerItemProxy section */
		D843F22B1CBD1FFC00F73BF2 /* PBXContainerItemProxy */ = {
			isa = PBXContainerItemProxy;
			containerPortal = D86C60401CAC20AE002691B9 /* Project object */;
			proxyType = 1;
			remoteGlobalIDString = D86C60481CAC20AE002691B9;
			remoteInfo = GraphQLicious;
		};
		D86C60551CAC20AE002691B9 /* PBXContainerItemProxy */ = {
			isa = PBXContainerItemProxy;
			containerPortal = D86C60401CAC20AE002691B9 /* Project object */;
			proxyType = 1;
			remoteGlobalIDString = D86C60481CAC20AE002691B9;
			remoteInfo = GraphiQL;
		};
/* End PBXContainerItemProxy section */

/* Begin PBXCopyFilesBuildPhase section */
		D843F22D1CBD1FFC00F73BF2 /* Embed Frameworks */ = {
			isa = PBXCopyFilesBuildPhase;
			buildActionMask = 2147483647;
			dstPath = "";
			dstSubfolderSpec = 10;
			files = (
				D843F22A1CBD1FFC00F73BF2 /* GraphQLicious.framework in Embed Frameworks */,
			);
			name = "Embed Frameworks";
			runOnlyForDeploymentPostprocessing = 0;
		};
/* End PBXCopyFilesBuildPhase section */

/* Begin PBXFileReference section */
		AD9359FB1D756BD800F9271C /* ObjectValue.swift */ = {isa = PBXFileReference; fileEncoding = 4; lastKnownFileType = sourcecode.swift; path = ObjectValue.swift; sourceTree = "<group>"; };
		D82100491CF88CC700EDE6DC /* MutationTests.swift */ = {isa = PBXFileReference; fileEncoding = 4; lastKnownFileType = sourcecode.swift; path = MutationTests.swift; sourceTree = "<group>"; };
		D82417661CF5F404002F7B91 /* QueryType.swift */ = {isa = PBXFileReference; fileEncoding = 4; lastKnownFileType = sourcecode.swift; path = QueryType.swift; sourceTree = "<group>"; };
		D82417681CF6F256002F7B91 /* Request.swift */ = {isa = PBXFileReference; fileEncoding = 4; lastKnownFileType = sourcecode.swift; path = Request.swift; sourceTree = "<group>"; };
		D824176E1CF6F9A0002F7B91 /* Operation.swift */ = {isa = PBXFileReference; fileEncoding = 4; lastKnownFileType = sourcecode.swift; path = Operation.swift; sourceTree = "<group>"; };
		D8681D311CB661240090627B /* String.swift */ = {isa = PBXFileReference; fileEncoding = 4; lastKnownFileType = sourcecode.swift; path = String.swift; sourceTree = "<group>"; };
		D8681D401CB69FFE0090627B /* ArgumentValue.swift */ = {isa = PBXFileReference; fileEncoding = 4; lastKnownFileType = sourcecode.swift; path = ArgumentValue.swift; sourceTree = "<group>"; };
		D8681D421CB6A4F70090627B /* GraphQLConvertible.swift */ = {isa = PBXFileReference; fileEncoding = 4; lastKnownFileType = sourcecode.swift; path = GraphQLConvertible.swift; sourceTree = "<group>"; };
		D8681D441CB6B02F0090627B /* FragmentTests.swift */ = {isa = PBXFileReference; fileEncoding = 4; lastKnownFileType = sourcecode.swift; path = FragmentTests.swift; sourceTree = "<group>"; };
		D86C60491CAC20AE002691B9 /* GraphQLicious.framework */ = {isa = PBXFileReference; explicitFileType = wrapper.framework; includeInIndex = 0; path = GraphQLicious.framework; sourceTree = BUILT_PRODUCTS_DIR; };
		D86C604C1CAC20AE002691B9 /* GraphQLicious.h */ = {isa = PBXFileReference; lastKnownFileType = sourcecode.c.h; path = GraphQLicious.h; sourceTree = "<group>"; };
		D86C604E1CAC20AE002691B9 /* Info.plist */ = {isa = PBXFileReference; lastKnownFileType = text.plist.xml; path = Info.plist; sourceTree = "<group>"; };
		D86C60531CAC20AE002691B9 /* GraphQLicious Tests.xctest */ = {isa = PBXFileReference; explicitFileType = wrapper.cfbundle; includeInIndex = 0; path = "GraphQLicious Tests.xctest"; sourceTree = BUILT_PRODUCTS_DIR; };
		D86C60581CAC20AE002691B9 /* ArgumentTests.swift */ = {isa = PBXFileReference; lastKnownFileType = sourcecode.swift; path = ArgumentTests.swift; sourceTree = "<group>"; };
		D86C605A1CAC20AE002691B9 /* Info.plist */ = {isa = PBXFileReference; lastKnownFileType = text.plist.xml; path = Info.plist; sourceTree = "<group>"; };
		D86C60671CAC20DA002691B9 /* GraphQLicious-Sample.app */ = {isa = PBXFileReference; explicitFileType = wrapper.application; includeInIndex = 0; path = "GraphQLicious-Sample.app"; sourceTree = BUILT_PRODUCTS_DIR; };
		D86C60691CAC20DA002691B9 /* AppDelegate.swift */ = {isa = PBXFileReference; lastKnownFileType = sourcecode.swift; path = AppDelegate.swift; sourceTree = "<group>"; };
		D86C606B1CAC20DA002691B9 /* ViewController.swift */ = {isa = PBXFileReference; lastKnownFileType = sourcecode.swift; path = ViewController.swift; sourceTree = "<group>"; };
		D86C606E1CAC20DA002691B9 /* Base */ = {isa = PBXFileReference; lastKnownFileType = file.storyboard; name = Base; path = Base.lproj/Main.storyboard; sourceTree = "<group>"; };
		D86C60701CAC20DA002691B9 /* Assets.xcassets */ = {isa = PBXFileReference; lastKnownFileType = folder.assetcatalog; path = Assets.xcassets; sourceTree = "<group>"; };
		D86C60731CAC20DA002691B9 /* Base */ = {isa = PBXFileReference; lastKnownFileType = file.storyboard; name = Base; path = Base.lproj/LaunchScreen.storyboard; sourceTree = "<group>"; };
		D86C60751CAC20DA002691B9 /* Info.plist */ = {isa = PBXFileReference; lastKnownFileType = text.plist.xml; path = Info.plist; sourceTree = "<group>"; };
		D8713B451CAE67C3000AD793 /* QueryTests.swift */ = {isa = PBXFileReference; fileEncoding = 4; lastKnownFileType = sourcecode.swift; path = QueryTests.swift; sourceTree = "<group>"; };
		D8E18A711D279D3000AC29DF /* Field.swift */ = {isa = PBXFileReference; fileEncoding = 4; lastKnownFileType = sourcecode.swift; path = Field.swift; sourceTree = "<group>"; };
		D8E18A731D279D8C00AC29DF /* Query.swift */ = {isa = PBXFileReference; fileEncoding = 4; lastKnownFileType = sourcecode.swift; path = Query.swift; sourceTree = "<group>"; };
		D8E18A771D279DB900AC29DF /* Argument.swift */ = {isa = PBXFileReference; fileEncoding = 4; lastKnownFileType = sourcecode.swift; path = Argument.swift; sourceTree = "<group>"; };
		D8E18A7F1D279E0300AC29DF /* Mutation.swift */ = {isa = PBXFileReference; fileEncoding = 4; lastKnownFileType = sourcecode.swift; path = Mutation.swift; sourceTree = "<group>"; };
		D8E18A831D279F0F00AC29DF /* Fragment.swift */ = {isa = PBXFileReference; fileEncoding = 4; lastKnownFileType = sourcecode.swift; path = Fragment.swift; sourceTree = "<group>"; };
/* End PBXFileReference section */

/* Begin PBXFrameworksBuildPhase section */
		D86C60451CAC20AE002691B9 /* Frameworks */ = {
			isa = PBXFrameworksBuildPhase;
			buildActionMask = 2147483647;
			files = (
			);
			runOnlyForDeploymentPostprocessing = 0;
		};
		D86C60501CAC20AE002691B9 /* Frameworks */ = {
			isa = PBXFrameworksBuildPhase;
			buildActionMask = 2147483647;
			files = (
				D86C60541CAC20AE002691B9 /* GraphQLicious.framework in Frameworks */,
			);
			runOnlyForDeploymentPostprocessing = 0;
		};
		D86C60641CAC20DA002691B9 /* Frameworks */ = {
			isa = PBXFrameworksBuildPhase;
			buildActionMask = 2147483647;
			files = (
				D843F2291CBD1FFC00F73BF2 /* GraphQLicious.framework in Frameworks */,
			);
			runOnlyForDeploymentPostprocessing = 0;
		};
/* End PBXFrameworksBuildPhase section */

/* Begin PBXGroup section */
		D82100501CF89A4E00EDE6DC /* Query */ = {
			isa = PBXGroup;
			children = (
				D8E18A731D279D8C00AC29DF /* Query.swift */,
				D8E18A771D279DB900AC29DF /* Argument.swift */,
			);
			path = Query;
			sourceTree = "<group>";
		};
		D82100511CF89A5D00EDE6DC /* Mutation */ = {
			isa = PBXGroup;
			children = (
				D8E18A7F1D279E0300AC29DF /* Mutation.swift */,
				AD9359FB1D756BD800F9271C /* ObjectValue.swift */,
			);
			path = Mutation;
			sourceTree = "<group>";
		};
		D8681D301CB660DC0090627B /* Helper */ = {
			isa = PBXGroup;
			children = (
				D82417661CF5F404002F7B91 /* QueryType.swift */,
				D8E18A831D279F0F00AC29DF /* Fragment.swift */,
				D8681D311CB661240090627B /* String.swift */,
			);
			path = Helper;
			sourceTree = "<group>";
		};
		D8681D3F1CB69F070090627B /* Interfaces */ = {
			isa = PBXGroup;
			children = (
				D8E18A711D279D3000AC29DF /* Field.swift */,
				D8681D401CB69FFE0090627B /* ArgumentValue.swift */,
				D8681D421CB6A4F70090627B /* GraphQLConvertible.swift */,
				D82417681CF6F256002F7B91 /* Request.swift */,
				D824176E1CF6F9A0002F7B91 /* Operation.swift */,
			);
			path = Interfaces;
			sourceTree = "<group>";
		};
		D86C603F1CAC20AE002691B9 = {
			isa = PBXGroup;
			children = (
				D86C604B1CAC20AE002691B9 /* Sources */,
				D86C60571CAC20AE002691B9 /* Tests */,
				D86C60681CAC20DA002691B9 /* Sample */,
				D86C604A1CAC20AE002691B9 /* Products */,
			);
			sourceTree = "<group>";
		};
		D86C604A1CAC20AE002691B9 /* Products */ = {
			isa = PBXGroup;
			children = (
				D86C60491CAC20AE002691B9 /* GraphQLicious.framework */,
				D86C60531CAC20AE002691B9 /* GraphQLicious Tests.xctest */,
				D86C60671CAC20DA002691B9 /* GraphQLicious-Sample.app */,
			);
			name = Products;
			sourceTree = "<group>";
		};
		D86C604B1CAC20AE002691B9 /* Sources */ = {
			isa = PBXGroup;
			children = (
				D8681D301CB660DC0090627B /* Helper */,
				D8681D3F1CB69F070090627B /* Interfaces */,
				D82100501CF89A4E00EDE6DC /* Query */,
				D82100511CF89A5D00EDE6DC /* Mutation */,
				D86C604C1CAC20AE002691B9 /* GraphQLicious.h */,
				D86C604E1CAC20AE002691B9 /* Info.plist */,
			);
			path = Sources;
			sourceTree = "<group>";
		};
		D86C60571CAC20AE002691B9 /* Tests */ = {
			isa = PBXGroup;
			children = (
				D86C60581CAC20AE002691B9 /* ArgumentTests.swift */,
				D8713B451CAE67C3000AD793 /* QueryTests.swift */,
				D8681D441CB6B02F0090627B /* FragmentTests.swift */,
				D86C605A1CAC20AE002691B9 /* Info.plist */,
				D82100491CF88CC700EDE6DC /* MutationTests.swift */,
			);
			path = Tests;
			sourceTree = "<group>";
		};
		D86C60681CAC20DA002691B9 /* Sample */ = {
			isa = PBXGroup;
			children = (
				D86C60691CAC20DA002691B9 /* AppDelegate.swift */,
				D86C606B1CAC20DA002691B9 /* ViewController.swift */,
				D86C606D1CAC20DA002691B9 /* Main.storyboard */,
				D86C60701CAC20DA002691B9 /* Assets.xcassets */,
				D86C60721CAC20DA002691B9 /* LaunchScreen.storyboard */,
				D86C60751CAC20DA002691B9 /* Info.plist */,
			);
			path = Sample;
			sourceTree = "<group>";
		};
/* End PBXGroup section */

/* Begin PBXHeadersBuildPhase section */
		D86C60461CAC20AE002691B9 /* Headers */ = {
			isa = PBXHeadersBuildPhase;
			buildActionMask = 2147483647;
			files = (
				D86C604D1CAC20AE002691B9 /* GraphQLicious.h in Headers */,
			);
			runOnlyForDeploymentPostprocessing = 0;
		};
/* End PBXHeadersBuildPhase section */

/* Begin PBXNativeTarget section */
		D86C60481CAC20AE002691B9 /* GraphQLicious */ = {
			isa = PBXNativeTarget;
			buildConfigurationList = D86C605D1CAC20AE002691B9 /* Build configuration list for PBXNativeTarget "GraphQLicious" */;
			buildPhases = (
				D86C60441CAC20AE002691B9 /* Sources */,
				D86C60451CAC20AE002691B9 /* Frameworks */,
				D86C60461CAC20AE002691B9 /* Headers */,
				D86C60471CAC20AE002691B9 /* Resources */,
			);
			buildRules = (
			);
			dependencies = (
			);
			name = GraphQLicious;
			productName = GraphiQL;
			productReference = D86C60491CAC20AE002691B9 /* GraphQLicious.framework */;
			productType = "com.apple.product-type.framework";
		};
		D86C60521CAC20AE002691B9 /* GraphQLiciousTests */ = {
			isa = PBXNativeTarget;
			buildConfigurationList = D86C60601CAC20AE002691B9 /* Build configuration list for PBXNativeTarget "GraphQLiciousTests" */;
			buildPhases = (
				D86C604F1CAC20AE002691B9 /* Sources */,
				D86C60501CAC20AE002691B9 /* Frameworks */,
				D86C60511CAC20AE002691B9 /* Resources */,
			);
			buildRules = (
			);
			dependencies = (
				D86C60561CAC20AE002691B9 /* PBXTargetDependency */,
			);
			name = GraphQLiciousTests;
			productName = GraphiQLTests;
			productReference = D86C60531CAC20AE002691B9 /* GraphQLicious Tests.xctest */;
			productType = "com.apple.product-type.bundle.unit-test";
		};
		D86C60661CAC20DA002691B9 /* GraphQLicious-sample */ = {
			isa = PBXNativeTarget;
			buildConfigurationList = D86C60761CAC20DA002691B9 /* Build configuration list for PBXNativeTarget "GraphQLicious-sample" */;
			buildPhases = (
				D86C60631CAC20DA002691B9 /* Sources */,
				D86C60641CAC20DA002691B9 /* Frameworks */,
				D86C60651CAC20DA002691B9 /* Resources */,
				D843F22D1CBD1FFC00F73BF2 /* Embed Frameworks */,
			);
			buildRules = (
			);
			dependencies = (
				D843F22C1CBD1FFC00F73BF2 /* PBXTargetDependency */,
			);
			name = "GraphQLicious-sample";
			productName = "GraphiQL-sample";
			productReference = D86C60671CAC20DA002691B9 /* GraphQLicious-Sample.app */;
			productType = "com.apple.product-type.application";
		};
/* End PBXNativeTarget section */

/* Begin PBXProject section */
		D86C60401CAC20AE002691B9 /* Project object */ = {
			isa = PBXProject;
			attributes = {
				LastSwiftUpdateCheck = 0730;
				LastUpgradeCheck = 0720;
				ORGANIZATIONNAME = WeltN24;
				TargetAttributes = {
					D86C60481CAC20AE002691B9 = {
						CreatedOnToolsVersion = 7.2.1;
						LastSwiftMigration = 0800;
					};
					D86C60521CAC20AE002691B9 = {
						CreatedOnToolsVersion = 7.2.1;
					};
					D86C60661CAC20DA002691B9 = {
						CreatedOnToolsVersion = 7.2.1;
						LastSwiftMigration = 0800;
					};
				};
			};
			buildConfigurationList = D86C60431CAC20AE002691B9 /* Build configuration list for PBXProject "GraphQLicious" */;
			compatibilityVersion = "Xcode 3.2";
			developmentRegion = English;
			hasScannedForEncodings = 0;
			knownRegions = (
				en,
				Base,
			);
			mainGroup = D86C603F1CAC20AE002691B9;
			productRefGroup = D86C604A1CAC20AE002691B9 /* Products */;
			projectDirPath = "";
			projectRoot = "";
			targets = (
				D86C60481CAC20AE002691B9 /* GraphQLicious */,
				D86C60521CAC20AE002691B9 /* GraphQLiciousTests */,
				D86C60661CAC20DA002691B9 /* GraphQLicious-sample */,
			);
		};
/* End PBXProject section */

/* Begin PBXResourcesBuildPhase section */
		D86C60471CAC20AE002691B9 /* Resources */ = {
			isa = PBXResourcesBuildPhase;
			buildActionMask = 2147483647;
			files = (
			);
			runOnlyForDeploymentPostprocessing = 0;
		};
		D86C60511CAC20AE002691B9 /* Resources */ = {
			isa = PBXResourcesBuildPhase;
			buildActionMask = 2147483647;
			files = (
			);
			runOnlyForDeploymentPostprocessing = 0;
		};
		D86C60651CAC20DA002691B9 /* Resources */ = {
			isa = PBXResourcesBuildPhase;
			buildActionMask = 2147483647;
			files = (
				D86C60741CAC20DA002691B9 /* LaunchScreen.storyboard in Resources */,
				D86C60711CAC20DA002691B9 /* Assets.xcassets in Resources */,
				D86C606F1CAC20DA002691B9 /* Main.storyboard in Resources */,
			);
			runOnlyForDeploymentPostprocessing = 0;
		};
/* End PBXResourcesBuildPhase section */

/* Begin PBXSourcesBuildPhase section */
		D86C60441CAC20AE002691B9 /* Sources */ = {
			isa = PBXSourcesBuildPhase;
			buildActionMask = 2147483647;
			files = (
				D824176F1CF6F9A0002F7B91 /* Operation.swift in Sources */,
				D8681D321CB661240090627B /* String.swift in Sources */,
				D82417671CF5F404002F7B91 /* QueryType.swift in Sources */,
				D82417691CF6F256002F7B91 /* Request.swift in Sources */,
				AD9359FC1D756BD800F9271C /* ObjectValue.swift in Sources */,
				D8E18A841D279F0F00AC29DF /* Fragment.swift in Sources */,
				D8E18A741D279D8C00AC29DF /* Query.swift in Sources */,
				D8E18A721D279D3000AC29DF /* Field.swift in Sources */,
				D8681D411CB69FFE0090627B /* ArgumentValue.swift in Sources */,
				D8E18A781D279DB900AC29DF /* Argument.swift in Sources */,
				D8E18A801D279E0300AC29DF /* Mutation.swift in Sources */,
				D8681D431CB6A4F70090627B /* GraphQLConvertible.swift in Sources */,
			);
			runOnlyForDeploymentPostprocessing = 0;
		};
		D86C604F1CAC20AE002691B9 /* Sources */ = {
			isa = PBXSourcesBuildPhase;
			buildActionMask = 2147483647;
			files = (
				D8681D451CB6B02F0090627B /* FragmentTests.swift in Sources */,
				D86C60591CAC20AE002691B9 /* ArgumentTests.swift in Sources */,
				D821004B1CF88D6B00EDE6DC /* MutationTests.swift in Sources */,
				D8713B461CAE67C3000AD793 /* QueryTests.swift in Sources */,
			);
			runOnlyForDeploymentPostprocessing = 0;
		};
		D86C60631CAC20DA002691B9 /* Sources */ = {
			isa = PBXSourcesBuildPhase;
			buildActionMask = 2147483647;
			files = (
				D843F22F1CBD20AB00F73BF2 /* AppDelegate.swift in Sources */,
				D843F22E1CBD20A400F73BF2 /* ViewController.swift in Sources */,
			);
			runOnlyForDeploymentPostprocessing = 0;
		};
/* End PBXSourcesBuildPhase section */

/* Begin PBXTargetDependency section */
		D843F22C1CBD1FFC00F73BF2 /* PBXTargetDependency */ = {
			isa = PBXTargetDependency;
			target = D86C60481CAC20AE002691B9 /* GraphQLicious */;
			targetProxy = D843F22B1CBD1FFC00F73BF2 /* PBXContainerItemProxy */;
		};
		D86C60561CAC20AE002691B9 /* PBXTargetDependency */ = {
			isa = PBXTargetDependency;
			target = D86C60481CAC20AE002691B9 /* GraphQLicious */;
			targetProxy = D86C60551CAC20AE002691B9 /* PBXContainerItemProxy */;
		};
/* End PBXTargetDependency section */

/* Begin PBXVariantGroup section */
		D86C606D1CAC20DA002691B9 /* Main.storyboard */ = {
			isa = PBXVariantGroup;
			children = (
				D86C606E1CAC20DA002691B9 /* Base */,
			);
			name = Main.storyboard;
			sourceTree = "<group>";
		};
		D86C60721CAC20DA002691B9 /* LaunchScreen.storyboard */ = {
			isa = PBXVariantGroup;
			children = (
				D86C60731CAC20DA002691B9 /* Base */,
			);
			name = LaunchScreen.storyboard;
			sourceTree = "<group>";
		};
/* End PBXVariantGroup section */

/* Begin XCBuildConfiguration section */
		D86C605B1CAC20AE002691B9 /* Debug */ = {
			isa = XCBuildConfiguration;
			buildSettings = {
				ALWAYS_SEARCH_USER_PATHS = NO;
				CLANG_CXX_LANGUAGE_STANDARD = "gnu++0x";
				CLANG_CXX_LIBRARY = "libc++";
				CLANG_ENABLE_MODULES = YES;
				CLANG_ENABLE_OBJC_ARC = YES;
				CLANG_WARN_BOOL_CONVERSION = YES;
				CLANG_WARN_CONSTANT_CONVERSION = YES;
				CLANG_WARN_DIRECT_OBJC_ISA_USAGE = YES_ERROR;
				CLANG_WARN_EMPTY_BODY = YES;
				CLANG_WARN_ENUM_CONVERSION = YES;
				CLANG_WARN_INT_CONVERSION = YES;
				CLANG_WARN_OBJC_ROOT_CLASS = YES_ERROR;
				CLANG_WARN_UNREACHABLE_CODE = YES;
				CLANG_WARN__DUPLICATE_METHOD_MATCH = YES;
				"CODE_SIGN_IDENTITY[sdk=iphoneos*]" = "iPhone Developer";
				COPY_PHASE_STRIP = NO;
				CURRENT_PROJECT_VERSION = 1;
				DEBUG_INFORMATION_FORMAT = dwarf;
				ENABLE_STRICT_OBJC_MSGSEND = YES;
				ENABLE_TESTABILITY = YES;
				GCC_C_LANGUAGE_STANDARD = gnu99;
				GCC_DYNAMIC_NO_PIC = NO;
				GCC_NO_COMMON_BLOCKS = YES;
				GCC_OPTIMIZATION_LEVEL = 0;
				GCC_PREPROCESSOR_DEFINITIONS = (
					"DEBUG=1",
					"$(inherited)",
				);
				GCC_WARN_64_TO_32_BIT_CONVERSION = YES;
				GCC_WARN_ABOUT_RETURN_TYPE = YES_ERROR;
				GCC_WARN_UNDECLARED_SELECTOR = YES;
				GCC_WARN_UNINITIALIZED_AUTOS = YES_AGGRESSIVE;
				GCC_WARN_UNUSED_FUNCTION = YES;
				GCC_WARN_UNUSED_VARIABLE = YES;
				IPHONEOS_DEPLOYMENT_TARGET = 8.0;
				MTL_ENABLE_DEBUG_INFO = YES;
				ONLY_ACTIVE_ARCH = YES;
				SDKROOT = iphoneos;
				SWIFT_OPTIMIZATION_LEVEL = "-Onone";
				TARGETED_DEVICE_FAMILY = "1,2";
				VERSIONING_SYSTEM = "apple-generic";
				VERSION_INFO_PREFIX = "";
			};
			name = Debug;
		};
		D86C605C1CAC20AE002691B9 /* Release */ = {
			isa = XCBuildConfiguration;
			buildSettings = {
				ALWAYS_SEARCH_USER_PATHS = NO;
				CLANG_CXX_LANGUAGE_STANDARD = "gnu++0x";
				CLANG_CXX_LIBRARY = "libc++";
				CLANG_ENABLE_MODULES = YES;
				CLANG_ENABLE_OBJC_ARC = YES;
				CLANG_WARN_BOOL_CONVERSION = YES;
				CLANG_WARN_CONSTANT_CONVERSION = YES;
				CLANG_WARN_DIRECT_OBJC_ISA_USAGE = YES_ERROR;
				CLANG_WARN_EMPTY_BODY = YES;
				CLANG_WARN_ENUM_CONVERSION = YES;
				CLANG_WARN_INT_CONVERSION = YES;
				CLANG_WARN_OBJC_ROOT_CLASS = YES_ERROR;
				CLANG_WARN_UNREACHABLE_CODE = YES;
				CLANG_WARN__DUPLICATE_METHOD_MATCH = YES;
				"CODE_SIGN_IDENTITY[sdk=iphoneos*]" = "iPhone Developer";
				COPY_PHASE_STRIP = NO;
				CURRENT_PROJECT_VERSION = 1;
				DEBUG_INFORMATION_FORMAT = "dwarf-with-dsym";
				ENABLE_NS_ASSERTIONS = NO;
				ENABLE_STRICT_OBJC_MSGSEND = YES;
				GCC_C_LANGUAGE_STANDARD = gnu99;
				GCC_NO_COMMON_BLOCKS = YES;
				GCC_WARN_64_TO_32_BIT_CONVERSION = YES;
				GCC_WARN_ABOUT_RETURN_TYPE = YES_ERROR;
				GCC_WARN_UNDECLARED_SELECTOR = YES;
				GCC_WARN_UNINITIALIZED_AUTOS = YES_AGGRESSIVE;
				GCC_WARN_UNUSED_FUNCTION = YES;
				GCC_WARN_UNUSED_VARIABLE = YES;
				IPHONEOS_DEPLOYMENT_TARGET = 8.0;
				MTL_ENABLE_DEBUG_INFO = NO;
				SDKROOT = iphoneos;
				TARGETED_DEVICE_FAMILY = "1,2";
				VALIDATE_PRODUCT = YES;
				VERSIONING_SYSTEM = "apple-generic";
				VERSION_INFO_PREFIX = "";
			};
			name = Release;
		};
		D86C605E1CAC20AE002691B9 /* Debug */ = {
			isa = XCBuildConfiguration;
			buildSettings = {
				CLANG_ENABLE_MODULES = YES;
				DEFINES_MODULE = YES;
				DYLIB_COMPATIBILITY_VERSION = 1;
				DYLIB_CURRENT_VERSION = 1;
				DYLIB_INSTALL_NAME_BASE = "@rpath";
				INFOPLIST_FILE = Sources/Info.plist;
				INSTALL_PATH = "$(LOCAL_LIBRARY_DIR)/Frameworks";
				LD_RUNPATH_SEARCH_PATHS = "$(inherited) @executable_path/Frameworks @loader_path/Frameworks";
				MACOSX_DEPLOYMENT_TARGET = 10.9;
				PRODUCT_BUNDLE_IDENTIFIER = de.weltN24.GraphQLicious;
				PRODUCT_NAME = GraphQLicious;
				SKIP_INSTALL = YES;
				SUPPORTED_PLATFORMS = "iphonesimulator iphoneos watchsimulator watchos macosx appletvsimulator appletvos";
				SWIFT_OPTIMIZATION_LEVEL = "-Onone";
				SWIFT_VERSION = 2.3;
				TVOS_DEPLOYMENT_TARGET = 9.0;
				WATCHOS_DEPLOYMENT_TARGET = 2.0;
			};
			name = Debug;
		};
		D86C605F1CAC20AE002691B9 /* Release */ = {
			isa = XCBuildConfiguration;
			buildSettings = {
				CLANG_ENABLE_MODULES = YES;
				DEFINES_MODULE = YES;
				DYLIB_COMPATIBILITY_VERSION = 1;
				DYLIB_CURRENT_VERSION = 1;
				DYLIB_INSTALL_NAME_BASE = "@rpath";
				INFOPLIST_FILE = Sources/Info.plist;
				INSTALL_PATH = "$(LOCAL_LIBRARY_DIR)/Frameworks";
				LD_RUNPATH_SEARCH_PATHS = "$(inherited) @executable_path/Frameworks @loader_path/Frameworks";
				MACOSX_DEPLOYMENT_TARGET = 10.9;
				PRODUCT_BUNDLE_IDENTIFIER = de.weltN24.GraphQLicious;
				PRODUCT_NAME = GraphQLicious;
				SKIP_INSTALL = YES;
				SUPPORTED_PLATFORMS = "iphonesimulator iphoneos watchsimulator watchos macosx appletvsimulator appletvos";
				SWIFT_VERSION = 2.3;
				TVOS_DEPLOYMENT_TARGET = 9.0;
				WATCHOS_DEPLOYMENT_TARGET = 2.0;
			};
			name = Release;
		};
		D86C60611CAC20AE002691B9 /* Debug */ = {
			isa = XCBuildConfiguration;
			buildSettings = {
				INFOPLIST_FILE = Tests/Info.plist;
				LD_RUNPATH_SEARCH_PATHS = "$(inherited) @executable_path/Frameworks @loader_path/Frameworks";
				PRODUCT_BUNDLE_IDENTIFIER = de.weltN24.GraphQLiciousTests;
				PRODUCT_NAME = "GraphQLicious Tests";
			};
			name = Debug;
		};
		D86C60621CAC20AE002691B9 /* Release */ = {
			isa = XCBuildConfiguration;
			buildSettings = {
				INFOPLIST_FILE = Tests/Info.plist;
				LD_RUNPATH_SEARCH_PATHS = "$(inherited) @executable_path/Frameworks @loader_path/Frameworks";
				PRODUCT_BUNDLE_IDENTIFIER = de.weltN24.GraphQLiciousTests;
				PRODUCT_NAME = "GraphQLicious Tests";
			};
			name = Release;
		};
		D86C60771CAC20DA002691B9 /* Debug */ = {
			isa = XCBuildConfiguration;
			buildSettings = {
				ASSETCATALOG_COMPILER_APPICON_NAME = AppIcon;
				EMBEDDED_CONTENT_CONTAINS_SWIFT = YES;
				INFOPLIST_FILE = Sample/Info.plist;
				LD_RUNPATH_SEARCH_PATHS = "$(inherited) @executable_path/Frameworks";
				PRODUCT_BUNDLE_IDENTIFIER = "de.weltN24.GraphQLicious-sample";
				PRODUCT_NAME = "GraphQLicious-Sample";
				SUPPORTED_PLATFORMS = "iphonesimulator iphoneos";
				SWIFT_VERSION = 2.3;
			};
			name = Debug;
		};
		D86C60781CAC20DA002691B9 /* Release */ = {
			isa = XCBuildConfiguration;
			buildSettings = {
				ASSETCATALOG_COMPILER_APPICON_NAME = AppIcon;
				EMBEDDED_CONTENT_CONTAINS_SWIFT = YES;
				INFOPLIST_FILE = Sample/Info.plist;
				LD_RUNPATH_SEARCH_PATHS = "$(inherited) @executable_path/Frameworks";
				PRODUCT_BUNDLE_IDENTIFIER = "de.weltN24.GraphQLicious-sample";
				PRODUCT_NAME = "GraphQLicious-Sample";
				SUPPORTED_PLATFORMS = "iphonesimulator iphoneos";
				SWIFT_VERSION = 2.3;
			};
			name = Release;
		};
/* End XCBuildConfiguration section */

/* Begin XCConfigurationList section */
		D86C60431CAC20AE002691B9 /* Build configuration list for PBXProject "GraphQLicious" */ = {
			isa = XCConfigurationList;
			buildConfigurations = (
				D86C605B1CAC20AE002691B9 /* Debug */,
				D86C605C1CAC20AE002691B9 /* Release */,
			);
			defaultConfigurationIsVisible = 0;
			defaultConfigurationName = Release;
		};
		D86C605D1CAC20AE002691B9 /* Build configuration list for PBXNativeTarget "GraphQLicious" */ = {
			isa = XCConfigurationList;
			buildConfigurations = (
				D86C605E1CAC20AE002691B9 /* Debug */,
				D86C605F1CAC20AE002691B9 /* Release */,
			);
			defaultConfigurationIsVisible = 0;
			defaultConfigurationName = Release;
		};
		D86C60601CAC20AE002691B9 /* Build configuration list for PBXNativeTarget "GraphQLiciousTests" */ = {
			isa = XCConfigurationList;
			buildConfigurations = (
				D86C60611CAC20AE002691B9 /* Debug */,
				D86C60621CAC20AE002691B9 /* Release */,
			);
			defaultConfigurationIsVisible = 0;
			defaultConfigurationName = Release;
		};
		D86C60761CAC20DA002691B9 /* Build configuration list for PBXNativeTarget "GraphQLicious-sample" */ = {
			isa = XCConfigurationList;
			buildConfigurations = (
				D86C60771CAC20DA002691B9 /* Debug */,
				D86C60781CAC20DA002691B9 /* Release */,
			);
			defaultConfigurationIsVisible = 0;
			defaultConfigurationName = Release;
		};
/* End XCConfigurationList section */
	};
	rootObject = D86C60401CAC20AE002691B9 /* Project object */;
}
